
Microsoft Visual Studio Solution File, Format Version 12.00
# Visual Studio Version 17
VisualStudioVersion = 17.5.33414.496
MinimumVisualStudioVersion = 10.0.40219.1
Project("{9A19103F-16F7-4668-BE54-9A1E7A4F7556}") = "Aplikasi", "Aplikasi\Aplikasi.csproj", "{8105A0E0-297C-49E1-80D8-B983B89E527A}"
EndProject
Project("{9A19103F-16F7-4668-BE54-9A1E7A4F7556}") = "NEWS", "NEWS\NEWS.csproj", "{4DF7FC7C-97C0-46AD-B542-595B335FA697}"
EndProject
Project("{FAE04EC0-301F-11D3-BF4B-00C04F79EFBC}") = "Alokasi", "Alokasi\Alokasi.csproj", "{A0CA4D59-45FF-4C1D-9A39-42FC0CF519EE}"
EndProject
Global
	GlobalSection(SolutionConfigurationPlatforms) = preSolution
		Debug|Any CPU = Debug|Any CPU
		Release|Any CPU = Release|Any CPU
	EndGlobalSection
	GlobalSection(ProjectConfigurationPlatforms) = postSolution
		{8105A0E0-297C-49E1-80D8-B983B89E527A}.Debug|Any CPU.ActiveCfg = Debug|Any CPU
		{8105A0E0-297C-49E1-80D8-B983B89E527A}.Debug|Any CPU.Build.0 = Debug|Any CPU
		{8105A0E0-297C-49E1-80D8-B983B89E527A}.Release|Any CPU.ActiveCfg = Release|Any CPU
		{8105A0E0-297C-49E1-80D8-B983B89E527A}.Release|Any CPU.Build.0 = Release|Any CPU
		{4DF7FC7C-97C0-46AD-B542-595B335FA697}.Debug|Any CPU.ActiveCfg = Debug|Any CPU
		{4DF7FC7C-97C0-46AD-B542-595B335FA697}.Debug|Any CPU.Build.0 = Debug|Any CPU
		{4DF7FC7C-97C0-46AD-B542-595B335FA697}.Release|Any CPU.ActiveCfg = Release|Any CPU
		{4DF7FC7C-97C0-46AD-B542-595B335FA697}.Release|Any CPU.Build.0 = Release|Any CPU
		{A0CA4D59-45FF-4C1D-9A39-42FC0CF519EE}.Debug|Any CPU.ActiveCfg = Debug|Any CPU
		{A0CA4D59-45FF-4C1D-9A39-42FC0CF519EE}.Debug|Any CPU.Build.0 = Debug|Any CPU
		{A0CA4D59-45FF-4C1D-9A39-42FC0CF519EE}.Release|Any CPU.ActiveCfg = Release|Any CPU
		{A0CA4D59-45FF-4C1D-9A39-42FC0CF519EE}.Release|Any CPU.Build.0 = Release|Any CPU
	EndGlobalSection
	GlobalSection(SolutionProperties) = preSolution
		HideSolutionNode = FALSE
	EndGlobalSection
	GlobalSection(ExtensibilityGlobals) = postSolution
		SolutionGuid = {108F7CC4-B6B7-46D0-9C7A-31E662E7295A}
	EndGlobalSection
EndGlobal
